{
    "_readme": [
        "This file locks the dependencies of your project to a known state",
        "Read more about it at http://getcomposer.org/doc/01-basic-usage.md#composer-lock-the-lock-file",
        "This file is @generated automatically"
    ],
    "hash": "695b3278eec4087638f638ea0d2d5d2b",
    "packages": [
        {
            "name": "ad7six/dsn",
            "version": "0.3.1",
            "source": {
                "type": "git",
                "url": "https://github.com/AD7six/php-dsn.git",
                "reference": "649b42a6cc5878dacef8a3b41efbf72e133440c0"
            },
            "dist": {
                "type": "zip",
                "url": "https://api.github.com/repos/AD7six/php-dsn/zipball/649b42a6cc5878dacef8a3b41efbf72e133440c0",
                "reference": "649b42a6cc5878dacef8a3b41efbf72e133440c0",
                "shasum": ""
            },
            "require": {
                "php": ">=5.4.0"
            },
            "suggest": {
                "josegonzalez/dotenv": "0.1.*"
            },
            "type": "library",
            "autoload": {
                "psr-4": {
                    "AD7six\\Dsn\\": "src",
                    "AD7six\\Dsn\\Test\\": "tests"
                }
            },
            "notification-url": "https://packagist.org/downloads/",
            "license": [
                "MIT"
            ],
            "authors": [
                {
                    "name": "Andy Dawson",
                    "email": "andydawson76@gmail.com",
                    "homepage": "http://ad7six.com",
                    "role": "Maintainer"
                }
            ],
            "description": "A utility for parsing and generating service DSNs",
            "time": "2014-05-31 16:17:08"
        },
        {
            "name": "cakephp/cakephp",
            "version": "2.5.8",
            "source": {
                "type": "git",
                "url": "https://github.com/cakephp/cakephp.git",
                "reference": "667e2be2d27ad210769f919fefdb35e45ab354d5"
            },
            "dist": {
                "type": "zip",
                "url": "https://api.github.com/repos/cakephp/cakephp/zipball/667e2be2d27ad210769f919fefdb35e45ab354d5",
                "reference": "667e2be2d27ad210769f919fefdb35e45ab354d5",
                "shasum": ""
            },
            "require": {
                "ext-mcrypt": "*",
                "php": ">=5.2.8"
            },
            "require-dev": {
                "cakephp/debug_kit": "2.2.*",
                "phpunit/phpunit": "3.7.*"
            },
            "bin": [
                "lib/Cake/Console/cake"
            ],
            "type": "library",
            "notification-url": "https://packagist.org/downloads/",
            "license": [
                "MIT"
            ],
            "authors": [
                {
                    "name": "CakePHP Community",
                    "homepage": "https://github.com/cakephp/cakephp/graphs/contributors"
                }
            ],
            "description": "The CakePHP framework",
            "homepage": "http://cakephp.org",
            "keywords": [
                "framework"
            ],
            "time": "2014-12-23 16:21:16"
        },
        {
            "name": "composer/installers",
            "version": "dev-master",
            "source": {
                "type": "git",
                "url": "https://github.com/composer/installers.git",
                "reference": "89d77bfbee79e16653f7162c86e602cc188471db"
            },
            "dist": {
                "type": "zip",
                "url": "https://api.github.com/repos/composer/installers/zipball/89d77bfbee79e16653f7162c86e602cc188471db",
                "reference": "89d77bfbee79e16653f7162c86e602cc188471db",
                "shasum": ""
            },
            "replace": {
                "roundcube/plugin-installer": "*",
                "shama/baton": "*"
            },
            "require-dev": {
                "composer/composer": "1.0.*@dev",
                "phpunit/phpunit": "4.1.*"
            },
            "type": "composer-installer",
            "extra": {
                "class": "Composer\\Installers\\Installer",
                "branch-alias": {
                    "dev-master": "1.0-dev"
                }
            },
            "autoload": {
                "psr-0": {
                    "Composer\\Installers\\": "src/"
                }
            },
            "notification-url": "https://packagist.org/downloads/",
            "license": [
                "MIT"
            ],
            "authors": [
                {
                    "name": "Kyle Robinson Young",
                    "email": "kyle@dontkry.com",
                    "homepage": "https://github.com/shama"
                }
            ],
            "description": "A multi-framework Composer library installer",
            "homepage": "http://composer.github.com/installers/",
            "keywords": [
                "Craft",
                "Dolibarr",
                "Hurad",
                "MODX Evo",
                "OXID",
                "Thelia",
                "WolfCMS",
                "agl",
                "annotatecms",
                "bitrix",
                "cakephp",
                "chef",
                "codeigniter",
                "concrete5",
                "croogo",
                "dokuwiki",
                "drupal",
                "elgg",
                "fuelphp",
                "grav",
                "installer",
                "joomla",
                "kohana",
                "laravel",
                "lithium",
                "magento",
                "mako",
                "mediawiki",
                "modulework",
                "moodle",
                "phpbb",
                "piwik",
                "ppi",
                "puppet",
                "roundcube",
                "shopware",
                "silverstripe",
                "symfony",
                "typo3",
                "wordpress",
                "zend",
                "zikula"
            ],
            "time": "2014-11-29 01:29:17"
        },
        {
            "name": "friendsofcake/crud",
            "version": "3.0.9",
            "source": {
                "type": "git",
                "url": "https://github.com/FriendsOfCake/crud.git",
                "reference": "0be86cd5e8c5b868a61da02093c3b6af2c50b61c"
            },
            "dist": {
                "type": "zip",
                "url": "https://api.github.com/repos/FriendsOfCake/crud/zipball/0be86cd5e8c5b868a61da02093c3b6af2c50b61c",
                "reference": "0be86cd5e8c5b868a61da02093c3b6af2c50b61c",
                "shasum": ""
            },
            "require": {
                "composer/installers": "*"
            },
            "suggest": {
                "cakedc/search": "If you want to use the Search Listener"
            },
            "type": "cakephp-plugin",
            "extra": {
                "installer-name": "Crud"
            },
            "notification-url": "https://packagist.org/downloads/",
            "license": [
                "MIT"
            ],
            "authors": [
                {
                    "name": "Christian Winther",
                    "homepage": "http://cakephp.nu/",
                    "role": "Author"
                },
                {
                    "name": "José Lorenzo Rodríguez",
                    "homepage": "https://github.com/lorenzo",
                    "role": "Contributor"
                },
                {
                    "name": "Andy Dawson",
                    "homepage": "https://github.com/ad7six",
                    "role": "Contributor"
                },
                {
                    "name": "ADmad",
                    "homepage": "https://github.com/admad",
                    "role": "Contributor"
                }
            ],
            "description": "CakePHP Application development on steroids - rapid prototyping / scaffolding & production ready code - XML / JSON APIs and more",
            "homepage": "https://github.com/FriendsOfCake/crud",
            "keywords": [
                "bake",
                "cake",
                "cakephp",
                "create",
                "crud",
                "delete",
                "retrieve",
                "scaffold",
                "scaffolding",
                "update"
            ],
            "time": "2013-12-11 12:54:51"
        },
        {
            "name": "josegonzalez/dotenv",
            "version": "0.3.0",
            "source": {
                "type": "git",
                "url": "https://github.com/josegonzalez/php-dotenv.git",
                "reference": "7979bc305f3a9a197d94db5f5d24d51ff7ab0871"
            },
            "dist": {
                "type": "zip",
                "url": "https://api.github.com/repos/josegonzalez/php-dotenv/zipball/7979bc305f3a9a197d94db5f5d24d51ff7ab0871",
                "reference": "7979bc305f3a9a197d94db5f5d24d51ff7ab0871",
                "shasum": ""
            },
            "require": {
                "php": ">=5.3.0"
            },
            "type": "library",
            "autoload": {
                "psr-0": {
                    "josegonzalez\\Dotenv": [
                        "src",
                        "tests"
                    ]
                }
            },
            "notification-url": "https://packagist.org/downloads/",
            "license": [
                "MIT"
            ],
            "authors": [
                {
                    "name": "Jose Diaz-Gonzalez",
                    "email": "dotenv@josegonzalez.com",
                    "homepage": "http://josediazgonzalez.com",
                    "role": "Maintainer"
                }
            ],
            "description": "dotenv file parsing for PHP",
            "homepage": "https://github.com/josegonzalez/php-dotenv",
            "keywords": [
                "configuration",
                "dotenv",
                "php"
            ],
            "time": "2014-05-28 14:40:35"
        }
    ],
    "packages-dev": [
        {
            "name": "cakephp/debug_kit",
            "version": "dev-master",
            "source": {
                "type": "git",
                "url": "https://github.com/cakephp/debug_kit.git",
                "reference": "c91103061d9b7ec3141e642913f88090a292b2bf"
            },
            "dist": {
                "type": "zip",
                "url": "https://api.github.com/repos/cakephp/debug_kit/zipball/c91103061d9b7ec3141e642913f88090a292b2bf",
                "reference": "c91103061d9b7ec3141e642913f88090a292b2bf",
                "shasum": ""
            },
            "require": {
                "composer/installers": "*",
                "php": ">=5.3.0"
            },
            "type": "cakephp-plugin",
            "extra": {
                "branch-alias": {
                    "dev-master": "2.2.x-dev"
                },
                "installer-name": "DebugKit"
            },
            "notification-url": "https://packagist.org/downloads/",
            "license": [
                "MIT"
            ],
            "authors": [
                {
                    "name": "Mark Story",
                    "homepage": "http://mark-story.com",
                    "role": "Author"
                },
                {
                    "name": "CakePHP Community",
                    "homepage": "https://github.com/cakephp/debug_kit/graphs/contributors"
                }
            ],
            "description": "CakePHP Debug Kit",
            "homepage": "https://github.com/cakephp/debug_kit",
            "keywords": [
                "cakephp",
                "debug",
                "kit"
            ],
            "time": "2014-11-22 17:58:32"
        }
    ],
    "aliases": [],
    "minimum-stability": "dev",
    "stability-flags": [],
    "prefer-stable": false,
    "prefer-lowest": false,
    "platform": {
        "php": ">=5.4"
    },
    "platform-dev": []
}
